
Microsoft Visual Studio Solution File, Format Version 12.00
# Visual Studio Version 16
VisualStudioVersion = 16.0.30320.27
MinimumVisualStudioVersion = 10.0.40219.1
Project("{FAE04EC0-301F-11D3-BF4B-00C04F79EFBC}") = "EPUBReader", "EPUBReader\EPUBReader.csproj", "{8DFC2999-4CF8-497C-BF5C-EB825BACD4D1}"
EndProject
Project("{FAE04EC0-301F-11D3-BF4B-00C04F79EFBC}") = "UnitTests", "UnitTests\UnitTests.csproj", "{8A194257-D63F-46D9-A889-B822E0C58D91}"
EndProject
Project("{FAE04EC0-301F-11D3-BF4B-00C04F79EFBC}") = "EPUBParser", "EPUBParser\EPUBParser.csproj", "{11C25E01-CA30-47A6-8E32-D77FA35BC9DD}"
EndProject
Global
	GlobalSection(SolutionConfigurationPlatforms) = preSolution
		Debug|Any CPU = Debug|Any CPU
		Release|Any CPU = Release|Any CPU
	EndGlobalSection
	GlobalSection(ProjectConfigurationPlatforms) = postSolution
		{8DFC2999-4CF8-497C-BF5C-EB825BACD4D1}.Debug|Any CPU.ActiveCfg = Debug|Any CPU
		{8DFC2999-4CF8-497C-BF5C-EB825BACD4D1}.Debug|Any CPU.Build.0 = Debug|Any CPU
		{8DFC2999-4CF8-497C-BF5C-EB825BACD4D1}.Release|Any CPU.ActiveCfg = Release|Any CPU
		{8DFC2999-4CF8-497C-BF5C-EB825BACD4D1}.Release|Any CPU.Build.0 = Release|Any CPU
		{8A194257-D63F-46D9-A889-B822E0C58D91}.Debug|Any CPU.ActiveCfg = Debug|Any CPU
		{8A194257-D63F-46D9-A889-B822E0C58D91}.Debug|Any CPU.Build.0 = Debug|Any CPU
		{8A194257-D63F-46D9-A889-B822E0C58D91}.Release|Any CPU.ActiveCfg = Release|Any CPU
		{8A194257-D63F-46D9-A889-B822E0C58D91}.Release|Any CPU.Build.0 = Release|Any CPU
		{11C25E01-CA30-47A6-8E32-D77FA35BC9DD}.Debug|Any CPU.ActiveCfg = Debug|Any CPU
		{11C25E01-CA30-47A6-8E32-D77FA35BC9DD}.Debug|Any CPU.Build.0 = Debug|Any CPU
		{11C25E01-CA30-47A6-8E32-D77FA35BC9DD}.Release|Any CPU.ActiveCfg = Release|Any CPU
		{11C25E01-CA30-47A6-8E32-D77FA35BC9DD}.Release|Any CPU.Build.0 = Release|Any CPU
	EndGlobalSection
	GlobalSection(SolutionProperties) = preSolution
		HideSolutionNode = FALSE
	EndGlobalSection
	GlobalSection(ExtensibilityGlobals) = postSolution
		SolutionGuid = {BBF4D939-C306-4895-9708-AA6C0B61DEB7}
	EndGlobalSection
EndGlobal
