
Microsoft Visual Studio Solution File, Format Version 12.00
# Visual Studio Version 17
VisualStudioVersion = 17.4.33213.308
MinimumVisualStudioVersion = 10.0.40219.1
Project("{FAE04EC0-301F-11D3-BF4B-00C04F79EFBC}") = "EPUBReader", "EPUBReader\EPUBReader.csproj", "{B539EE84-C653-4BF4-BD76-D0C79E6D19C1}"
EndProject
Project("{FAE04EC0-301F-11D3-BF4B-00C04F79EFBC}") = "EPUBRenderer", "EPUBRenderer\EPUBRenderer.csproj", "{06CF9084-366E-4664-A05E-B6CFE0822EBF}"
EndProject
Project("{FAE04EC0-301F-11D3-BF4B-00C04F79EFBC}") = "EPUBParser", "EPUBParser\EPUBParser.csproj", "{9A7B2956-2283-430B-ABAD-5CBDC587EE73}"
EndProject
Project("{FAE04EC0-301F-11D3-BF4B-00C04F79EFBC}") = "JapaneseDictionary", "JapaneseDictionary\JapaneseDictionary.csproj", "{311E5776-39E7-438F-A0F4-86FC82458A6F}"
EndProject
Global
	GlobalSection(SolutionConfigurationPlatforms) = preSolution
		Debug|Any CPU = Debug|Any CPU
		Release|Any CPU = Release|Any CPU
	EndGlobalSection
	GlobalSection(ProjectConfigurationPlatforms) = postSolution
		{B539EE84-C653-4BF4-BD76-D0C79E6D19C1}.Debug|Any CPU.ActiveCfg = Debug|Any CPU
		{B539EE84-C653-4BF4-BD76-D0C79E6D19C1}.Debug|Any CPU.Build.0 = Debug|Any CPU
		{B539EE84-C653-4BF4-BD76-D0C79E6D19C1}.Release|Any CPU.ActiveCfg = Release|Any CPU
		{B539EE84-C653-4BF4-BD76-D0C79E6D19C1}.Release|Any CPU.Build.0 = Release|Any CPU
		{06CF9084-366E-4664-A05E-B6CFE0822EBF}.Debug|Any CPU.ActiveCfg = Debug|Any CPU
		{06CF9084-366E-4664-A05E-B6CFE0822EBF}.Debug|Any CPU.Build.0 = Debug|Any CPU
		{06CF9084-366E-4664-A05E-B6CFE0822EBF}.Release|Any CPU.ActiveCfg = Release|Any CPU
		{06CF9084-366E-4664-A05E-B6CFE0822EBF}.Release|Any CPU.Build.0 = Release|Any CPU
		{9A7B2956-2283-430B-ABAD-5CBDC587EE73}.Debug|Any CPU.ActiveCfg = Debug|Any CPU
		{9A7B2956-2283-430B-ABAD-5CBDC587EE73}.Debug|Any CPU.Build.0 = Debug|Any CPU
		{9A7B2956-2283-430B-ABAD-5CBDC587EE73}.Release|Any CPU.ActiveCfg = Release|Any CPU
		{9A7B2956-2283-430B-ABAD-5CBDC587EE73}.Release|Any CPU.Build.0 = Release|Any CPU
		{311E5776-39E7-438F-A0F4-86FC82458A6F}.Debug|Any CPU.ActiveCfg = Debug|Any CPU
		{311E5776-39E7-438F-A0F4-86FC82458A6F}.Debug|Any CPU.Build.0 = Debug|Any CPU
		{311E5776-39E7-438F-A0F4-86FC82458A6F}.Release|Any CPU.ActiveCfg = Release|Any CPU
		{311E5776-39E7-438F-A0F4-86FC82458A6F}.Release|Any CPU.Build.0 = Release|Any CPU
	EndGlobalSection
	GlobalSection(SolutionProperties) = preSolution
		HideSolutionNode = FALSE
	EndGlobalSection
	GlobalSection(ExtensibilityGlobals) = postSolution
		SolutionGuid = {BC0CE5D9-D0F4-476D-8F4E-82735A73ED2E}
	EndGlobalSection
EndGlobal
